
Microsoft Visual Studio Solution File, Format Version 11.00
# Visual Basic Express 2010
Project("{F184B08F-C81C-45F6-A57F-5ABD9991F28F}") = "WindowsApplication2", "WindowsApplication2\WindowsApplication2.vbproj", "{E27A4E3A-D237-496A-826F-09745765AA23}"
EndProject
Global
	GlobalSection(SolutionConfigurationPlatforms) = preSolution
		Debug|Any CPU = Debug|Any CPU
		Release|Any CPU = Release|Any CPU
	EndGlobalSection
	GlobalSection(ProjectConfigurationPlatforms) = postSolution
		{E27A4E3A-D237-496A-826F-09745765AA23}.Debug|Any CPU.ActiveCfg = Debug|Any CPU
		{E27A4E3A-D237-496A-826F-09745765AA23}.Debug|Any CPU.Build.0 = Debug|Any CPU
		{E27A4E3A-D237-496A-826F-09745765AA23}.Release|Any CPU.ActiveCfg = Release|Any CPU
		{E27A4E3A-D237-496A-826F-09745765AA23}.Release|Any CPU.Build.0 = Release|Any CPU
	EndGlobalSection
	GlobalSection(SolutionProperties) = preSolution
		HideSolutionNode = FALSE
	EndGlobalSection
EndGlobal
